
Microsoft Visual Studio Solution File, Format Version 12.00
# Visual Studio 15
VisualStudioVersion = 15.0.26228.9
MinimumVisualStudioVersion = 10.0.40219.1
Project("{FAE04EC0-301F-11D3-BF4B-00C04F79EFBC}") = "TestCode", "TestCode\TestCode.csproj", "{94620228-EFA5-4900-854F-4313832B66A7}"
EndProject
Project("{FAE04EC0-301F-11D3-BF4B-00C04F79EFBC}") = "ChatServerLibrary", "ChatServerLibrary\ChatServerLibrary.csproj", "{D8277168-B793-421B-AE7A-95B551B5C75F}"
EndProject
Project("{FAE04EC0-301F-11D3-BF4B-00C04F79EFBC}") = "ChatHost", "ChatHost\ChatHost.csproj", "{966E8FFF-8AFB-4C5E-B6AB-6875F905C67B}"
EndProject
Project("{FAE04EC0-301F-11D3-BF4B-00C04F79EFBC}") = "ChatClient", "ChatClient\ChatClient.csproj", "{72493AE7-85EB-466F-954F-98A31FC613B4}"
EndProject
Project("{FAE04EC0-301F-11D3-BF4B-00C04F79EFBC}") = "Threading", "Threading\Threading.csproj", "{365B8CA8-A810-4A38-80FD-99D8E378A44C}"
EndProject
Project("{FAE04EC0-301F-11D3-BF4B-00C04F79EFBC}") = "EntityTest", "EntityTest\EntityTest.csproj", "{274E7378-AC75-4C7A-8465-6E4D36EEE59D}"
EndProject
Project("{FAE04EC0-301F-11D3-BF4B-00C04F79EFBC}") = "AutoFacTest", "AutoFacTest\AutoFacTest.csproj", "{34085AB4-8385-4ABD-87A1-0B803D306214}"
EndProject
Project("{FAE04EC0-301F-11D3-BF4B-00C04F79EFBC}") = "WindowsFormsTest", "WindowsFormsTest\WindowsFormsTest.csproj", "{42E97990-101C-46D1-997B-DB437BB937A7}"
EndProject
Global
	GlobalSection(SolutionConfigurationPlatforms) = preSolution
		Debug|Any CPU = Debug|Any CPU
		Release|Any CPU = Release|Any CPU
	EndGlobalSection
	GlobalSection(ProjectConfigurationPlatforms) = postSolution
		{94620228-EFA5-4900-854F-4313832B66A7}.Debug|Any CPU.ActiveCfg = Debug|Any CPU
		{94620228-EFA5-4900-854F-4313832B66A7}.Debug|Any CPU.Build.0 = Debug|Any CPU
		{94620228-EFA5-4900-854F-4313832B66A7}.Release|Any CPU.ActiveCfg = Release|Any CPU
		{94620228-EFA5-4900-854F-4313832B66A7}.Release|Any CPU.Build.0 = Release|Any CPU
		{D8277168-B793-421B-AE7A-95B551B5C75F}.Debug|Any CPU.ActiveCfg = Debug|Any CPU
		{D8277168-B793-421B-AE7A-95B551B5C75F}.Debug|Any CPU.Build.0 = Debug|Any CPU
		{D8277168-B793-421B-AE7A-95B551B5C75F}.Release|Any CPU.ActiveCfg = Release|Any CPU
		{D8277168-B793-421B-AE7A-95B551B5C75F}.Release|Any CPU.Build.0 = Release|Any CPU
		{966E8FFF-8AFB-4C5E-B6AB-6875F905C67B}.Debug|Any CPU.ActiveCfg = Debug|Any CPU
		{966E8FFF-8AFB-4C5E-B6AB-6875F905C67B}.Debug|Any CPU.Build.0 = Debug|Any CPU
		{966E8FFF-8AFB-4C5E-B6AB-6875F905C67B}.Release|Any CPU.ActiveCfg = Release|Any CPU
		{966E8FFF-8AFB-4C5E-B6AB-6875F905C67B}.Release|Any CPU.Build.0 = Release|Any CPU
		{72493AE7-85EB-466F-954F-98A31FC613B4}.Debug|Any CPU.ActiveCfg = Debug|Any CPU
		{72493AE7-85EB-466F-954F-98A31FC613B4}.Debug|Any CPU.Build.0 = Debug|Any CPU
		{72493AE7-85EB-466F-954F-98A31FC613B4}.Release|Any CPU.ActiveCfg = Release|Any CPU
		{72493AE7-85EB-466F-954F-98A31FC613B4}.Release|Any CPU.Build.0 = Release|Any CPU
		{365B8CA8-A810-4A38-80FD-99D8E378A44C}.Debug|Any CPU.ActiveCfg = Debug|Any CPU
		{365B8CA8-A810-4A38-80FD-99D8E378A44C}.Debug|Any CPU.Build.0 = Debug|Any CPU
		{365B8CA8-A810-4A38-80FD-99D8E378A44C}.Release|Any CPU.ActiveCfg = Release|Any CPU
		{365B8CA8-A810-4A38-80FD-99D8E378A44C}.Release|Any CPU.Build.0 = Release|Any CPU
		{274E7378-AC75-4C7A-8465-6E4D36EEE59D}.Debug|Any CPU.ActiveCfg = Debug|Any CPU
		{274E7378-AC75-4C7A-8465-6E4D36EEE59D}.Debug|Any CPU.Build.0 = Debug|Any CPU
		{274E7378-AC75-4C7A-8465-6E4D36EEE59D}.Release|Any CPU.ActiveCfg = Release|Any CPU
		{274E7378-AC75-4C7A-8465-6E4D36EEE59D}.Release|Any CPU.Build.0 = Release|Any CPU
		{34085AB4-8385-4ABD-87A1-0B803D306214}.Debug|Any CPU.ActiveCfg = Debug|Any CPU
		{34085AB4-8385-4ABD-87A1-0B803D306214}.Debug|Any CPU.Build.0 = Debug|Any CPU
		{34085AB4-8385-4ABD-87A1-0B803D306214}.Release|Any CPU.ActiveCfg = Release|Any CPU
		{34085AB4-8385-4ABD-87A1-0B803D306214}.Release|Any CPU.Build.0 = Release|Any CPU
		{42E97990-101C-46D1-997B-DB437BB937A7}.Debug|Any CPU.ActiveCfg = Debug|Any CPU
		{42E97990-101C-46D1-997B-DB437BB937A7}.Debug|Any CPU.Build.0 = Debug|Any CPU
		{42E97990-101C-46D1-997B-DB437BB937A7}.Release|Any CPU.ActiveCfg = Release|Any CPU
		{42E97990-101C-46D1-997B-DB437BB937A7}.Release|Any CPU.Build.0 = Release|Any CPU
	EndGlobalSection
	GlobalSection(SolutionProperties) = preSolution
		HideSolutionNode = FALSE
	EndGlobalSection
EndGlobal
